<?xml version="1.0" encoding="utf-8"?>
<Project ToolsVersion="4.0" xmlns="http://schemas.microsoft.com/developer/msbuild/2003">
  <ItemGroup>
    <ClCompile Include="c.library.cpp" />
    <ClCompile Include="Deprecated\AudioFFT.cpp">
      <Filter>Deprecated</Filter>
    </ClCompile>
    <ClCompile Include="Deprecated\c.convolve_tilde.cpp">
      <Filter>Deprecated</Filter>
    </ClCompile>
    <ClCompile Include="Deprecated\c.freeverb_tilde.cpp">
      <Filter>Deprecated</Filter>
    </ClCompile>
    <ClCompile Include="Deprecated\c.loadmess.cpp">
      <Filter>Deprecated</Filter>
    </ClCompile>
    <ClCompile Include="Deprecated\c.pak.cpp">
      <Filter>Deprecated</Filter>
    </ClCompile>
    <ClCompile Include="Deprecated\c.patcherargs.cpp">
      <Filter>Deprecated</Filter>
    </ClCompile>
    <ClCompile Include="Deprecated\c.patcherinfos.cpp">
      <Filter>Deprecated</Filter>
    </ClCompile>
    <ClCompile Include="Deprecated\c.patchermess.cpp">
      <Filter>Deprecated</Filter>
    </ClCompile>
    <ClCompile Include="Deprecated\c.prepend.cpp">
      <Filter>Deprecated</Filter>
    </ClCompile>
    <ClCompile Include="Deprecated\FFTConvolver.cpp">
      <Filter>Deprecated</Filter>
    </ClCompile>
    <ClCompile Include="Deprecated\Utilities.cpp">
      <Filter>Deprecated</Filter>
    </ClCompile>
    <ClCompile Include="Sources\c.bang.cpp">
      <Filter>Sources</Filter>
    </ClCompile>
    <ClCompile Include="Sources\c.blackboard.cpp">
      <Filter>Sources</Filter>
    </ClCompile>
    <ClCompile Include="Sources\c.breakpoints.cpp">
      <Filter>Sources</Filter>
    </ClCompile>
    <ClCompile Include="Sources\c.colorpanel.cpp">
      <Filter>Sources</Filter>
    </ClCompile>
    <ClCompile Include="Sources\c.dsp_tilde.cpp">
      <Filter>Sources</Filter>
    </ClCompile>
    <ClCompile Include="Sources\c.gain_tilde.cpp">
      <Filter>Sources</Filter>
    </ClCompile>
    <ClCompile Include="Sources\c.incdec.cpp">
      <Filter>Sources</Filter>
    </ClCompile>
    <ClCompile Include="Sources\c.knob.cpp">
      <Filter>Sources</Filter>
    </ClCompile>
    <ClCompile Include="Sources\c.matrix.cpp">
      <Filter>Sources</Filter>
    </ClCompile>
    <ClCompile Include="Sources\c.menu.cpp">
      <Filter>Sources</Filter>
    </ClCompile>
    <ClCompile Include="Sources\c.meter_tilde.cpp">
      <Filter>Sources</Filter>
    </ClCompile>
    <ClCompile Include="Sources\c.number.cpp">
      <Filter>Sources</Filter>
    </ClCompile>
    <ClCompile Include="Sources\c.number_tilde.cpp">
      <Filter>Sources</Filter>
    </ClCompile>
    <ClCompile Include="Sources\c.plane.cpp">
      <Filter>Sources</Filter>
    </ClCompile>
    <ClCompile Include="Sources\c.preset.cpp">
      <Filter>Sources</Filter>
    </ClCompile>
    <ClCompile Include="Sources\c.radio.cpp">
      <Filter>Sources</Filter>
    </ClCompile>
    <ClCompile Include="Sources\c.rslider.cpp">
      <Filter>Sources</Filter>
    </ClCompile>
    <ClCompile Include="Sources\c.scope_tilde.cpp">
      <Filter>Sources</Filter>
    </ClCompile>
    <ClCompile Include="Sources\c.slider.cpp">
      <Filter>Sources</Filter>
    </ClCompile>
    <ClCompile Include="Sources\c.tab.cpp">
      <Filter>Sources</Filter>
    </ClCompile>
    <ClCompile Include="Sources\c.toggle.cpp">
      <Filter>Sources</Filter>
    </ClCompile>
    <ClCompile Include="ThirdParty\CicmWrapper\Sources\ebox.c">
      <Filter>ThirdParty\CicmWrapper\Sources</Filter>
    </ClCompile>
    <ClCompile Include="ThirdParty\CicmWrapper\Sources\eclass.c">
      <Filter>ThirdParty\CicmWrapper\Sources</Filter>
    </ClCompile>
    <ClCompile Include="ThirdParty\CicmWrapper\Sources\ecommon.c">
      <Filter>ThirdParty\CicmWrapper\Sources</Filter>
    </ClCompile>
    <ClCompile Include="ThirdParty\CicmWrapper\Sources\egraphics.c">
      <Filter>ThirdParty\CicmWrapper\Sources</Filter>
    </ClCompile>
    <ClCompile Include="ThirdParty\CicmWrapper\Sources\eobj.c">
      <Filter>ThirdParty\CicmWrapper\Sources</Filter>
    </ClCompile>
    <ClCompile Include="ThirdParty\CicmWrapper\Sources\epopup.c">
      <Filter>ThirdParty\CicmWrapper\Sources</Filter>
    </ClCompile>
  </ItemGroup>
  <ItemGroup>
    <ClInclude Include="Deprecated\AudioFFT.h">
      <Filter>Deprecated</Filter>
    </ClInclude>
    <ClInclude Include="Deprecated\FFTConvolver.h">
      <Filter>Deprecated</Filter>
    </ClInclude>
    <ClInclude Include="Deprecated\Utilities.h">
      <Filter>Deprecated</Filter>
    </ClInclude>
    <ClInclude Include="ThirdParty\CicmWrapper\Sources\cicm_wrapper.h">
      <Filter>ThirdParty\CicmWrapper\Sources</Filter>
    </ClInclude>
    <ClInclude Include="ThirdParty\CicmWrapper\Sources\ebox.h">
      <Filter>ThirdParty\CicmWrapper\Sources</Filter>
    </ClInclude>
    <ClInclude Include="ThirdParty\CicmWrapper\Sources\eclass.h">
      <Filter>ThirdParty\CicmWrapper\Sources</Filter>
    </ClInclude>
    <ClInclude Include="ThirdParty\CicmWrapper\Sources\ecommon.h">
      <Filter>ThirdParty\CicmWrapper\Sources</Filter>
    </ClInclude>
    <ClInclude Include="ThirdParty\CicmWrapper\Sources\edefine.h">
      <Filter>ThirdParty\CicmWrapper\Sources</Filter>
    </ClInclude>
    <ClInclude Include="ThirdParty\CicmWrapper\Sources\egraphics.h">
      <Filter>ThirdParty\CicmWrapper\Sources</Filter>
    </ClInclude>
    <ClInclude Include="ThirdParty\CicmWrapper\Sources\enative.h">
      <Filter>ThirdParty\CicmWrapper\Sources</Filter>
    </ClInclude>
    <ClInclude Include="ThirdParty\CicmWrapper\Sources\eobj.h">
      <Filter>ThirdParty\CicmWrapper\Sources</Filter>
    </ClInclude>
    <ClInclude Include="ThirdParty\CicmWrapper\Sources\epdmax.h">
      <Filter>ThirdParty\CicmWrapper\Sources</Filter>
    </ClInclude>
    <ClInclude Include="ThirdParty\CicmWrapper\Sources\epopup.h">
      <Filter>ThirdParty\CicmWrapper\Sources</Filter>
    </ClInclude>
    <ClInclude Include="c.library.hpp" />
  </ItemGroup>
  <ItemGroup>
    <Filter Include="Deprecated">
      <UniqueIdentifier>{3e8f99b0-e4dd-4625-8d66-8d7da9d087eb}</UniqueIdentifier>
    </Filter>
    <Filter Include="ThirdParty">
      <UniqueIdentifier>{07f1024f-cedc-448e-bee9-2e90538e2cb2}</UniqueIdentifier>
    </Filter>
    <Filter Include="ThirdParty\CicmWrapper">
      <UniqueIdentifier>{aa4e288c-0248-44c8-afae-d51239fbf75c}</UniqueIdentifier>
    </Filter>
    <Filter Include="ThirdParty\CicmWrapper\Sources">
      <UniqueIdentifier>{a3bb93de-62ba-4d64-8778-9d91da4ea738}</UniqueIdentifier>
    </Filter>
    <Filter Include="Sources">
      <UniqueIdentifier>{f43c25cf-f976-481e-a10f-e85a7fff72d3}</UniqueIdentifier>
    </Filter>
  </ItemGroup>
</Project>