// !$*UTF8*$!
{
	archiveVersion = 1;
	classes = {
	};
	objectVersion = 46;
	objects = {

/* Begin PBXBuildFile section */
		59FB02F817A7FAA9001E977D /* Accelerate.framework in Frameworks */ = {isa = PBXBuildFile; fileRef = 59FB02F717A7FAA9001E977D /* Accelerate.framework */; };
		8F26F18B17E76274005FCB97 /* c.library.cpp in Sources */ = {isa = PBXBuildFile; fileRef = 8F26F18A17E76273005FCB97 /* c.library.cpp */; };
		8F27CF261B31C87900220A14 /* cicm_wrapper.h in Headers */ = {isa = PBXBuildFile; fileRef = 8F27CF171B31C87900220A14 /* cicm_wrapper.h */; };
		8F27CF271B31C87900220A14 /* cicm_wrapper.h in Headers */ = {isa = PBXBuildFile; fileRef = 8F27CF171B31C87900220A14 /* cicm_wrapper.h */; };
		8F27CF281B31C87900220A14 /* ebox.c in Sources */ = {isa = PBXBuildFile; fileRef = 8F27CF181B31C87900220A14 /* ebox.c */; };
		8F27CF291B31C87900220A14 /* ebox.c in Sources */ = {isa = PBXBuildFile; fileRef = 8F27CF181B31C87900220A14 /* ebox.c */; };
		8F27CF2A1B31C87900220A14 /* ebox.h in Headers */ = {isa = PBXBuildFile; fileRef = 8F27CF191B31C87900220A14 /* ebox.h */; };
		8F27CF2B1B31C87900220A14 /* ebox.h in Headers */ = {isa = PBXBuildFile; fileRef = 8F27CF191B31C87900220A14 /* ebox.h */; };
		8F27CF2C1B31C87900220A14 /* eclass.c in Sources */ = {isa = PBXBuildFile; fileRef = 8F27CF1A1B31C87900220A14 /* eclass.c */; };
		8F27CF2D1B31C87900220A14 /* eclass.c in Sources */ = {isa = PBXBuildFile; fileRef = 8F27CF1A1B31C87900220A14 /* eclass.c */; };
		8F27CF2E1B31C87900220A14 /* eclass.h in Headers */ = {isa = PBXBuildFile; fileRef = 8F27CF1B1B31C87900220A14 /* eclass.h */; };
		8F27CF2F1B31C87900220A14 /* eclass.h in Headers */ = {isa = PBXBuildFile; fileRef = 8F27CF1B1B31C87900220A14 /* eclass.h */; };
		8F27CF301B31C87900220A14 /* ecommon.c in Sources */ = {isa = PBXBuildFile; fileRef = 8F27CF1C1B31C87900220A14 /* ecommon.c */; };
		8F27CF311B31C87900220A14 /* ecommon.c in Sources */ = {isa = PBXBuildFile; fileRef = 8F27CF1C1B31C87900220A14 /* ecommon.c */; };
		8F27CF321B31C87900220A14 /* ecommon.h in Headers */ = {isa = PBXBuildFile; fileRef = 8F27CF1D1B31C87900220A14 /* ecommon.h */; };
		8F27CF331B31C87900220A14 /* ecommon.h in Headers */ = {isa = PBXBuildFile; fileRef = 8F27CF1D1B31C87900220A14 /* ecommon.h */; };
		8F27CF341B31C87900220A14 /* edefine.h in Headers */ = {isa = PBXBuildFile; fileRef = 8F27CF1E1B31C87900220A14 /* edefine.h */; };
		8F27CF351B31C87900220A14 /* edefine.h in Headers */ = {isa = PBXBuildFile; fileRef = 8F27CF1E1B31C87900220A14 /* edefine.h */; };
		8F27CF361B31C87900220A14 /* egraphics.c in Sources */ = {isa = PBXBuildFile; fileRef = 8F27CF1F1B31C87900220A14 /* egraphics.c */; };
		8F27CF371B31C87900220A14 /* egraphics.c in Sources */ = {isa = PBXBuildFile; fileRef = 8F27CF1F1B31C87900220A14 /* egraphics.c */; };
		8F27CF381B31C87900220A14 /* egraphics.h in Headers */ = {isa = PBXBuildFile; fileRef = 8F27CF201B31C87900220A14 /* egraphics.h */; };
		8F27CF391B31C87900220A14 /* egraphics.h in Headers */ = {isa = PBXBuildFile; fileRef = 8F27CF201B31C87900220A14 /* egraphics.h */; };
		8F27CF3A1B31C87900220A14 /* eobj.c in Sources */ = {isa = PBXBuildFile; fileRef = 8F27CF211B31C87900220A14 /* eobj.c */; };
		8F27CF3B1B31C87900220A14 /* eobj.c in Sources */ = {isa = PBXBuildFile; fileRef = 8F27CF211B31C87900220A14 /* eobj.c */; };
		8F27CF3C1B31C87900220A14 /* eobj.h in Headers */ = {isa = PBXBuildFile; fileRef = 8F27CF221B31C87900220A14 /* eobj.h */; };
		8F27CF3D1B31C87900220A14 /* eobj.h in Headers */ = {isa = PBXBuildFile; fileRef = 8F27CF221B31C87900220A14 /* eobj.h */; };
		8F27CF3E1B31C87900220A14 /* epdmax.h in Headers */ = {isa = PBXBuildFile; fileRef = 8F27CF231B31C87900220A14 /* epdmax.h */; };
		8F27CF3F1B31C87900220A14 /* epdmax.h in Headers */ = {isa = PBXBuildFile; fileRef = 8F27CF231B31C87900220A14 /* epdmax.h */; };
		8F27CF401B31C87900220A14 /* epopup.c in Sources */ = {isa = PBXBuildFile; fileRef = 8F27CF241B31C87900220A14 /* epopup.c */; };
		8F27CF411B31C87900220A14 /* epopup.c in Sources */ = {isa = PBXBuildFile; fileRef = 8F27CF241B31C87900220A14 /* epopup.c */; };
		8F27CF421B31C87900220A14 /* epopup.h in Headers */ = {isa = PBXBuildFile; fileRef = 8F27CF251B31C87900220A14 /* epopup.h */; };
		8F27CF431B31C87900220A14 /* epopup.h in Headers */ = {isa = PBXBuildFile; fileRef = 8F27CF251B31C87900220A14 /* epopup.h */; };
		8F27CF681B31CA2300220A14 /* AudioFFT.cpp in Sources */ = {isa = PBXBuildFile; fileRef = 8F27CF5C1B31CA2300220A14 /* AudioFFT.cpp */; };
		8F27CF691B31CA2300220A14 /* AudioFFT.cpp in Sources */ = {isa = PBXBuildFile; fileRef = 8F27CF5C1B31CA2300220A14 /* AudioFFT.cpp */; };
		8F27CF6A1B31CA2300220A14 /* AudioFFT.h in Headers */ = {isa = PBXBuildFile; fileRef = 8F27CF5D1B31CA2300220A14 /* AudioFFT.h */; };
		8F27CF6B1B31CA2300220A14 /* AudioFFT.h in Headers */ = {isa = PBXBuildFile; fileRef = 8F27CF5D1B31CA2300220A14 /* AudioFFT.h */; };
		8F27CF6C1B31CA2300220A14 /* c.convolve_tilde.cpp in Sources */ = {isa = PBXBuildFile; fileRef = 8F27CF5E1B31CA2300220A14 /* c.convolve_tilde.cpp */; };
		8F27CF6D1B31CA2300220A14 /* c.convolve_tilde.cpp in Sources */ = {isa = PBXBuildFile; fileRef = 8F27CF5E1B31CA2300220A14 /* c.convolve_tilde.cpp */; };
		8F27CF6E1B31CA2300220A14 /* c.freeverb_tilde.cpp in Sources */ = {isa = PBXBuildFile; fileRef = 8F27CF5F1B31CA2300220A14 /* c.freeverb_tilde.cpp */; };
		8F27CF6F1B31CA2300220A14 /* c.freeverb_tilde.cpp in Sources */ = {isa = PBXBuildFile; fileRef = 8F27CF5F1B31CA2300220A14 /* c.freeverb_tilde.cpp */; };
		8F27CF701B31CA2300220A14 /* c.pak.cpp in Sources */ = {isa = PBXBuildFile; fileRef = 8F27CF601B31CA2300220A14 /* c.pak.cpp */; };
		8F27CF711B31CA2300220A14 /* c.pak.cpp in Sources */ = {isa = PBXBuildFile; fileRef = 8F27CF601B31CA2300220A14 /* c.pak.cpp */; };
		8F27CF721B31CA2300220A14 /* c.patcherargs.cpp in Sources */ = {isa = PBXBuildFile; fileRef = 8F27CF611B31CA2300220A14 /* c.patcherargs.cpp */; };
		8F27CF731B31CA2300220A14 /* c.patcherargs.cpp in Sources */ = {isa = PBXBuildFile; fileRef = 8F27CF611B31CA2300220A14 /* c.patcherargs.cpp */; };
		8F27CF741B31CA2300220A14 /* c.patcherinfos.cpp in Sources */ = {isa = PBXBuildFile; fileRef = 8F27CF621B31CA2300220A14 /* c.patcherinfos.cpp */; };
		8F27CF751B31CA2300220A14 /* c.patcherinfos.cpp in Sources */ = {isa = PBXBuildFile; fileRef = 8F27CF621B31CA2300220A14 /* c.patcherinfos.cpp */; };
		8F27CF761B31CA2300220A14 /* c.patchermess.cpp in Sources */ = {isa = PBXBuildFile; fileRef = 8F27CF631B31CA2300220A14 /* c.patchermess.cpp */; };
		8F27CF771B31CA2300220A14 /* c.patchermess.cpp in Sources */ = {isa = PBXBuildFile; fileRef = 8F27CF631B31CA2300220A14 /* c.patchermess.cpp */; };
		8F27CF781B31CA2300220A14 /* FFTConvolver.cpp in Sources */ = {isa = PBXBuildFile; fileRef = 8F27CF641B31CA2300220A14 /* FFTConvolver.cpp */; };
		8F27CF791B31CA2300220A14 /* FFTConvolver.cpp in Sources */ = {isa = PBXBuildFile; fileRef = 8F27CF641B31CA2300220A14 /* FFTConvolver.cpp */; };
		8F27CF7A1B31CA2300220A14 /* FFTConvolver.h in Headers */ = {isa = PBXBuildFile; fileRef = 8F27CF651B31CA2300220A14 /* FFTConvolver.h */; };
		8F27CF7B1B31CA2300220A14 /* FFTConvolver.h in Headers */ = {isa = PBXBuildFile; fileRef = 8F27CF651B31CA2300220A14 /* FFTConvolver.h */; };
		8F27CF7C1B31CA2300220A14 /* Utilities.cpp in Sources */ = {isa = PBXBuildFile; fileRef = 8F27CF661B31CA2300220A14 /* Utilities.cpp */; };
		8F27CF7D1B31CA2300220A14 /* Utilities.cpp in Sources */ = {isa = PBXBuildFile; fileRef = 8F27CF661B31CA2300220A14 /* Utilities.cpp */; };
		8F27CF7E1B31CA2300220A14 /* Utilities.h in Headers */ = {isa = PBXBuildFile; fileRef = 8F27CF671B31CA2300220A14 /* Utilities.h */; };
		8F27CF7F1B31CA2300220A14 /* Utilities.h in Headers */ = {isa = PBXBuildFile; fileRef = 8F27CF671B31CA2300220A14 /* Utilities.h */; };
		8F27CF951B31CC2500220A14 /* c.bang.cpp in Sources */ = {isa = PBXBuildFile; fileRef = 8F27CF801B31CC2500220A14 /* c.bang.cpp */; };
		8F27CF961B31CC2500220A14 /* c.bang.cpp in Sources */ = {isa = PBXBuildFile; fileRef = 8F27CF801B31CC2500220A14 /* c.bang.cpp */; };
		8F27CF971B31CC2500220A14 /* c.blackboard.cpp in Sources */ = {isa = PBXBuildFile; fileRef = 8F27CF811B31CC2500220A14 /* c.blackboard.cpp */; };
		8F27CF981B31CC2500220A14 /* c.blackboard.cpp in Sources */ = {isa = PBXBuildFile; fileRef = 8F27CF811B31CC2500220A14 /* c.blackboard.cpp */; };
		8F27CF991B31CC2500220A14 /* c.breakpoints.cpp in Sources */ = {isa = PBXBuildFile; fileRef = 8F27CF821B31CC2500220A14 /* c.breakpoints.cpp */; };
		8F27CF9A1B31CC2500220A14 /* c.breakpoints.cpp in Sources */ = {isa = PBXBuildFile; fileRef = 8F27CF821B31CC2500220A14 /* c.breakpoints.cpp */; };
		8F27CF9B1B31CC2500220A14 /* c.colorpanel.cpp in Sources */ = {isa = PBXBuildFile; fileRef = 8F27CF831B31CC2500220A14 /* c.colorpanel.cpp */; };
		8F27CF9C1B31CC2500220A14 /* c.colorpanel.cpp in Sources */ = {isa = PBXBuildFile; fileRef = 8F27CF831B31CC2500220A14 /* c.colorpanel.cpp */; };
		8F27CF9D1B31CC2500220A14 /* c.dsp_tilde.cpp in Sources */ = {isa = PBXBuildFile; fileRef = 8F27CF841B31CC2500220A14 /* c.dsp_tilde.cpp */; };
		8F27CF9E1B31CC2500220A14 /* c.dsp_tilde.cpp in Sources */ = {isa = PBXBuildFile; fileRef = 8F27CF841B31CC2500220A14 /* c.dsp_tilde.cpp */; };
		8F27CF9F1B31CC2500220A14 /* c.gain_tilde.cpp in Sources */ = {isa = PBXBuildFile; fileRef = 8F27CF851B31CC2500220A14 /* c.gain_tilde.cpp */; };
		8F27CFA01B31CC2500220A14 /* c.gain_tilde.cpp in Sources */ = {isa = PBXBuildFile; fileRef = 8F27CF851B31CC2500220A14 /* c.gain_tilde.cpp */; };
		8F27CFA11B31CC2500220A14 /* c.incdec.cpp in Sources */ = {isa = PBXBuildFile; fileRef = 8F27CF861B31CC2500220A14 /* c.incdec.cpp */; };
		8F27CFA21B31CC2500220A14 /* c.incdec.cpp in Sources */ = {isa = PBXBuildFile; fileRef = 8F27CF861B31CC2500220A14 /* c.incdec.cpp */; };
		8F27CFA31B31CC2500220A14 /* c.knob.cpp in Sources */ = {isa = PBXBuildFile; fileRef = 8F27CF871B31CC2500220A14 /* c.knob.cpp */; };
		8F27CFA41B31CC2500220A14 /* c.knob.cpp in Sources */ = {isa = PBXBuildFile; fileRef = 8F27CF871B31CC2500220A14 /* c.knob.cpp */; };
		8F27CFA51B31CC2500220A14 /* c.matrix.cpp in Sources */ = {isa = PBXBuildFile; fileRef = 8F27CF881B31CC2500220A14 /* c.matrix.cpp */; };
		8F27CFA61B31CC2500220A14 /* c.matrix.cpp in Sources */ = {isa = PBXBuildFile; fileRef = 8F27CF881B31CC2500220A14 /* c.matrix.cpp */; };
		8F27CFA71B31CC2500220A14 /* c.menu.cpp in Sources */ = {isa = PBXBuildFile; fileRef = 8F27CF891B31CC2500220A14 /* c.menu.cpp */; };
		8F27CFA81B31CC2500220A14 /* c.menu.cpp in Sources */ = {isa = PBXBuildFile; fileRef = 8F27CF891B31CC2500220A14 /* c.menu.cpp */; };
		8F27CFA91B31CC2500220A14 /* c.meter_tilde.cpp in Sources */ = {isa = PBXBuildFile; fileRef = 8F27CF8A1B31CC2500220A14 /* c.meter_tilde.cpp */; };
		8F27CFAA1B31CC2500220A14 /* c.meter_tilde.cpp in Sources */ = {isa = PBXBuildFile; fileRef = 8F27CF8A1B31CC2500220A14 /* c.meter_tilde.cpp */; };
		8F27CFAB1B31CC2500220A14 /* c.number_tilde.cpp in Sources */ = {isa = PBXBuildFile; fileRef = 8F27CF8B1B31CC2500220A14 /* c.number_tilde.cpp */; };
		8F27CFAC1B31CC2500220A14 /* c.number_tilde.cpp in Sources */ = {isa = PBXBuildFile; fileRef = 8F27CF8B1B31CC2500220A14 /* c.number_tilde.cpp */; };
		8F27CFAD1B31CC2500220A14 /* c.number.cpp in Sources */ = {isa = PBXBuildFile; fileRef = 8F27CF8C1B31CC2500220A14 /* c.number.cpp */; };
		8F27CFAE1B31CC2500220A14 /* c.number.cpp in Sources */ = {isa = PBXBuildFile; fileRef = 8F27CF8C1B31CC2500220A14 /* c.number.cpp */; };
		8F27CFAF1B31CC2500220A14 /* c.plane.cpp in Sources */ = {isa = PBXBuildFile; fileRef = 8F27CF8D1B31CC2500220A14 /* c.plane.cpp */; };
		8F27CFB01B31CC2500220A14 /* c.plane.cpp in Sources */ = {isa = PBXBuildFile; fileRef = 8F27CF8D1B31CC2500220A14 /* c.plane.cpp */; };
		8F27CFB11B31CC2500220A14 /* c.preset.cpp in Sources */ = {isa = PBXBuildFile; fileRef = 8F27CF8E1B31CC2500220A14 /* c.preset.cpp */; };
		8F27CFB21B31CC2500220A14 /* c.preset.cpp in Sources */ = {isa = PBXBuildFile; fileRef = 8F27CF8E1B31CC2500220A14 /* c.preset.cpp */; };
		8F27CFB31B31CC2500220A14 /* c.radio.cpp in Sources */ = {isa = PBXBuildFile; fileRef = 8F27CF8F1B31CC2500220A14 /* c.radio.cpp */; };
		8F27CFB41B31CC2500220A14 /* c.radio.cpp in Sources */ = {isa = PBXBuildFile; fileRef = 8F27CF8F1B31CC2500220A14 /* c.radio.cpp */; };
		8F27CFB51B31CC2500220A14 /* c.rslider.cpp in Sources */ = {isa = PBXBuildFile; fileRef = 8F27CF901B31CC2500220A14 /* c.rslider.cpp */; };
		8F27CFB61B31CC2500220A14 /* c.rslider.cpp in Sources */ = {isa = PBXBuildFile; fileRef = 8F27CF901B31CC2500220A14 /* c.rslider.cpp */; };
		8F27CFB71B31CC2500220A14 /* c.scope_tilde.cpp in Sources */ = {isa = PBXBuildFile; fileRef = 8F27CF911B31CC2500220A14 /* c.scope_tilde.cpp */; };
		8F27CFB81B31CC2500220A14 /* c.scope_tilde.cpp in Sources */ = {isa = PBXBuildFile; fileRef = 8F27CF911B31CC2500220A14 /* c.scope_tilde.cpp */; };
		8F27CFB91B31CC2500220A14 /* c.slider.cpp in Sources */ = {isa = PBXBuildFile; fileRef = 8F27CF921B31CC2500220A14 /* c.slider.cpp */; };
		8F27CFBA1B31CC2500220A14 /* c.slider.cpp in Sources */ = {isa = PBXBuildFile; fileRef = 8F27CF921B31CC2500220A14 /* c.slider.cpp */; };
		8F27CFBB1B31CC2500220A14 /* c.tab.cpp in Sources */ = {isa = PBXBuildFile; fileRef = 8F27CF931B31CC2500220A14 /* c.tab.cpp */; };
		8F27CFBC1B31CC2500220A14 /* c.tab.cpp in Sources */ = {isa = PBXBuildFile; fileRef = 8F27CF931B31CC2500220A14 /* c.tab.cpp */; };
		8F27CFBD1B31CC2500220A14 /* c.toggle.cpp in Sources */ = {isa = PBXBuildFile; fileRef = 8F27CF941B31CC2500220A14 /* c.toggle.cpp */; };
		8F27CFBE1B31CC2500220A14 /* c.toggle.cpp in Sources */ = {isa = PBXBuildFile; fileRef = 8F27CF941B31CC2500220A14 /* c.toggle.cpp */; };
		8F823F831B33011600F5A69E /* c.loadmess.cpp in Sources */ = {isa = PBXBuildFile; fileRef = 8F823F811B33011600F5A69E /* c.loadmess.cpp */; };
		8F823F841B33011600F5A69E /* c.loadmess.cpp in Sources */ = {isa = PBXBuildFile; fileRef = 8F823F811B33011600F5A69E /* c.loadmess.cpp */; };
		8F823F851B33011600F5A69E /* c.prepend.cpp in Sources */ = {isa = PBXBuildFile; fileRef = 8F823F821B33011600F5A69E /* c.prepend.cpp */; };
		8F823F861B33011600F5A69E /* c.prepend.cpp in Sources */ = {isa = PBXBuildFile; fileRef = 8F823F821B33011600F5A69E /* c.prepend.cpp */; };
		8FAC0BDC1969731800E09ACB /* c.library.cpp in Sources */ = {isa = PBXBuildFile; fileRef = 8F26F18A17E76273005FCB97 /* c.library.cpp */; };
		8FAC0BE31969731800E09ACB /* Accelerate.framework in Frameworks */ = {isa = PBXBuildFile; fileRef = 59FB02F717A7FAA9001E977D /* Accelerate.framework */; };
		8FAC0BF21969731800E09ACB /* c.library.h in Headers */ = {isa = PBXBuildFile; fileRef = 8FB8EB6719007B1E005FAF6A /* c.library.h */; };
		8FB8EB6819007B1E005FAF6A /* c.library.h in Headers */ = {isa = PBXBuildFile; fileRef = 8FB8EB6719007B1E005FAF6A /* c.library.h */; };
/* End PBXBuildFile section */

/* Begin PBXFileReference section */
		5913846F15DAA36D0029AD16 /* Cream.pd_darwin */ = {isa = PBXFileReference; explicitFileType = "compiled.mach-o.dylib"; includeInIndex = 0; path = Cream.pd_darwin; sourceTree = BUILT_PRODUCTS_DIR; };
		59FB02F717A7FAA9001E977D /* Accelerate.framework */ = {isa = PBXFileReference; lastKnownFileType = wrapper.framework; name = Accelerate.framework; path = System/Library/Frameworks/Accelerate.framework; sourceTree = SDKROOT; };
		8F26F18A17E76273005FCB97 /* c.library.cpp */ = {isa = PBXFileReference; fileEncoding = 4; lastKnownFileType = sourcecode.cpp.cpp; path = c.library.cpp; sourceTree = "<group>"; };
		8F27CF171B31C87900220A14 /* cicm_wrapper.h */ = {isa = PBXFileReference; fileEncoding = 4; lastKnownFileType = sourcecode.c.h; name = cicm_wrapper.h; path = ThirdParty/CicmWrapper/Sources/cicm_wrapper.h; sourceTree = SOURCE_ROOT; };
		8F27CF181B31C87900220A14 /* ebox.c */ = {isa = PBXFileReference; fileEncoding = 4; lastKnownFileType = sourcecode.c.c; name = ebox.c; path = ThirdParty/CicmWrapper/Sources/ebox.c; sourceTree = SOURCE_ROOT; };
		8F27CF191B31C87900220A14 /* ebox.h */ = {isa = PBXFileReference; fileEncoding = 4; lastKnownFileType = sourcecode.c.h; name = ebox.h; path = ThirdParty/CicmWrapper/Sources/ebox.h; sourceTree = SOURCE_ROOT; };
		8F27CF1A1B31C87900220A14 /* eclass.c */ = {isa = PBXFileReference; fileEncoding = 4; lastKnownFileType = sourcecode.c.c; name = eclass.c; path = ThirdParty/CicmWrapper/Sources/eclass.c; sourceTree = SOURCE_ROOT; };
		8F27CF1B1B31C87900220A14 /* eclass.h */ = {isa = PBXFileReference; fileEncoding = 4; lastKnownFileType = sourcecode.c.h; name = eclass.h; path = ThirdParty/CicmWrapper/Sources/eclass.h; sourceTree = SOURCE_ROOT; };
		8F27CF1C1B31C87900220A14 /* ecommon.c */ = {isa = PBXFileReference; fileEncoding = 4; lastKnownFileType = sourcecode.c.c; name = ecommon.c; path = ThirdParty/CicmWrapper/Sources/ecommon.c; sourceTree = SOURCE_ROOT; };
		8F27CF1D1B31C87900220A14 /* ecommon.h */ = {isa = PBXFileReference; fileEncoding = 4; lastKnownFileType = sourcecode.c.h; name = ecommon.h; path = ThirdParty/CicmWrapper/Sources/ecommon.h; sourceTree = SOURCE_ROOT; };
		8F27CF1E1B31C87900220A14 /* edefine.h */ = {isa = PBXFileReference; fileEncoding = 4; lastKnownFileType = sourcecode.c.h; name = edefine.h; path = ThirdParty/CicmWrapper/Sources/edefine.h; sourceTree = SOURCE_ROOT; };
		8F27CF1F1B31C87900220A14 /* egraphics.c */ = {isa = PBXFileReference; fileEncoding = 4; lastKnownFileType = sourcecode.c.c; name = egraphics.c; path = ThirdParty/CicmWrapper/Sources/egraphics.c; sourceTree = SOURCE_ROOT; };
		8F27CF201B31C87900220A14 /* egraphics.h */ = {isa = PBXFileReference; fileEncoding = 4; lastKnownFileType = sourcecode.c.h; name = egraphics.h; path = ThirdParty/CicmWrapper/Sources/egraphics.h; sourceTree = SOURCE_ROOT; };
		8F27CF211B31C87900220A14 /* eobj.c */ = {isa = PBXFileReference; fileEncoding = 4; lastKnownFileType = sourcecode.c.c; name = eobj.c; path = ThirdParty/CicmWrapper/Sources/eobj.c; sourceTree = SOURCE_ROOT; };
		8F27CF221B31C87900220A14 /* eobj.h */ = {isa = PBXFileReference; fileEncoding = 4; lastKnownFileType = sourcecode.c.h; name = eobj.h; path = ThirdParty/CicmWrapper/Sources/eobj.h; sourceTree = SOURCE_ROOT; };
		8F27CF231B31C87900220A14 /* epdmax.h */ = {isa = PBXFileReference; fileEncoding = 4; lastKnownFileType = sourcecode.c.h; name = epdmax.h; path = ThirdParty/CicmWrapper/Sources/epdmax.h; sourceTree = SOURCE_ROOT; };
		8F27CF241B31C87900220A14 /* epopup.c */ = {isa = PBXFileReference; fileEncoding = 4; lastKnownFileType = sourcecode.c.c; name = epopup.c; path = ThirdParty/CicmWrapper/Sources/epopup.c; sourceTree = SOURCE_ROOT; };
		8F27CF251B31C87900220A14 /* epopup.h */ = {isa = PBXFileReference; fileEncoding = 4; lastKnownFileType = sourcecode.c.h; name = epopup.h; path = ThirdParty/CicmWrapper/Sources/epopup.h; sourceTree = SOURCE_ROOT; };
		8F27CF5C1B31CA2300220A14 /* AudioFFT.cpp */ = {isa = PBXFileReference; fileEncoding = 4; lastKnownFileType = sourcecode.cpp.cpp; name = AudioFFT.cpp; path = Deprecated/AudioFFT.cpp; sourceTree = SOURCE_ROOT; };
		8F27CF5D1B31CA2300220A14 /* AudioFFT.h */ = {isa = PBXFileReference; fileEncoding = 4; lastKnownFileType = sourcecode.c.h; name = AudioFFT.h; path = Deprecated/AudioFFT.h; sourceTree = SOURCE_ROOT; };
		8F27CF5E1B31CA2300220A14 /* c.convolve_tilde.cpp */ = {isa = PBXFileReference; fileEncoding = 4; lastKnownFileType = sourcecode.cpp.cpp; name = c.convolve_tilde.cpp; path = Deprecated/c.convolve_tilde.cpp; sourceTree = SOURCE_ROOT; };
		8F27CF5F1B31CA2300220A14 /* c.freeverb_tilde.cpp */ = {isa = PBXFileReference; fileEncoding = 4; lastKnownFileType = sourcecode.cpp.cpp; name = c.freeverb_tilde.cpp; path = Deprecated/c.freeverb_tilde.cpp; sourceTree = SOURCE_ROOT; };
		8F27CF601B31CA2300220A14 /* c.pak.cpp */ = {isa = PBXFileReference; fileEncoding = 4; lastKnownFileType = sourcecode.cpp.cpp; name = c.pak.cpp; path = Deprecated/c.pak.cpp; sourceTree = SOURCE_ROOT; };
		8F27CF611B31CA2300220A14 /* c.patcherargs.cpp */ = {isa = PBXFileReference; fileEncoding = 4; lastKnownFileType = sourcecode.cpp.cpp; name = c.patcherargs.cpp; path = Deprecated/c.patcherargs.cpp; sourceTree = SOURCE_ROOT; };
		8F27CF621B31CA2300220A14 /* c.patcherinfos.cpp */ = {isa = PBXFileReference; fileEncoding = 4; lastKnownFileType = sourcecode.cpp.cpp; name = c.patcherinfos.cpp; path = Deprecated/c.patcherinfos.cpp; sourceTree = SOURCE_ROOT; };
		8F27CF631B31CA2300220A14 /* c.patchermess.cpp */ = {isa = PBXFileReference; fileEncoding = 4; lastKnownFileType = sourcecode.cpp.cpp; name = c.patchermess.cpp; path = Deprecated/c.patchermess.cpp; sourceTree = SOURCE_ROOT; };
		8F27CF641B31CA2300220A14 /* FFTConvolver.cpp */ = {isa = PBXFileReference; fileEncoding = 4; lastKnownFileType = sourcecode.cpp.cpp; name = FFTConvolver.cpp; path = Deprecated/FFTConvolver.cpp; sourceTree = SOURCE_ROOT; };
		8F27CF651B31CA2300220A14 /* FFTConvolver.h */ = {isa = PBXFileReference; fileEncoding = 4; lastKnownFileType = sourcecode.c.h; name = FFTConvolver.h; path = Deprecated/FFTConvolver.h; sourceTree = SOURCE_ROOT; };
		8F27CF661B31CA2300220A14 /* Utilities.cpp */ = {isa = PBXFileReference; fileEncoding = 4; lastKnownFileType = sourcecode.cpp.cpp; name = Utilities.cpp; path = Deprecated/Utilities.cpp; sourceTree = SOURCE_ROOT; };
		8F27CF671B31CA2300220A14 /* Utilities.h */ = {isa = PBXFileReference; fileEncoding = 4; lastKnownFileType = sourcecode.c.h; name = Utilities.h; path = Deprecated/Utilities.h; sourceTree = SOURCE_ROOT; };
		8F27CF801B31CC2500220A14 /* c.bang.cpp */ = {isa = PBXFileReference; fileEncoding = 4; lastKnownFileType = sourcecode.cpp.cpp; name = c.bang.cpp; path = Sources/c.bang.cpp; sourceTree = SOURCE_ROOT; };
		8F27CF811B31CC2500220A14 /* c.blackboard.cpp */ = {isa = PBXFileReference; fileEncoding = 4; lastKnownFileType = sourcecode.cpp.cpp; name = c.blackboard.cpp; path = Sources/c.blackboard.cpp; sourceTree = SOURCE_ROOT; };
		8F27CF821B31CC2500220A14 /* c.breakpoints.cpp */ = {isa = PBXFileReference; fileEncoding = 4; lastKnownFileType = sourcecode.cpp.cpp; name = c.breakpoints.cpp; path = Sources/c.breakpoints.cpp; sourceTree = SOURCE_ROOT; };
		8F27CF831B31CC2500220A14 /* c.colorpanel.cpp */ = {isa = PBXFileReference; fileEncoding = 4; lastKnownFileType = sourcecode.cpp.cpp; name = c.colorpanel.cpp; path = Sources/c.colorpanel.cpp; sourceTree = SOURCE_ROOT; };
		8F27CF841B31CC2500220A14 /* c.dsp_tilde.cpp */ = {isa = PBXFileReference; fileEncoding = 4; lastKnownFileType = sourcecode.cpp.cpp; name = c.dsp_tilde.cpp; path = Sources/c.dsp_tilde.cpp; sourceTree = SOURCE_ROOT; };
		8F27CF851B31CC2500220A14 /* c.gain_tilde.cpp */ = {isa = PBXFileReference; fileEncoding = 4; lastKnownFileType = sourcecode.cpp.cpp; name = c.gain_tilde.cpp; path = Sources/c.gain_tilde.cpp; sourceTree = SOURCE_ROOT; };
		8F27CF861B31CC2500220A14 /* c.incdec.cpp */ = {isa = PBXFileReference; fileEncoding = 4; lastKnownFileType = sourcecode.cpp.cpp; name = c.incdec.cpp; path = Sources/c.incdec.cpp; sourceTree = SOURCE_ROOT; };
		8F27CF871B31CC2500220A14 /* c.knob.cpp */ = {isa = PBXFileReference; fileEncoding = 4; lastKnownFileType = sourcecode.cpp.cpp; name = c.knob.cpp; path = Sources/c.knob.cpp; sourceTree = SOURCE_ROOT; };
		8F27CF881B31CC2500220A14 /* c.matrix.cpp */ = {isa = PBXFileReference; fileEncoding = 4; lastKnownFileType = sourcecode.cpp.cpp; name = c.matrix.cpp; path = Sources/c.matrix.cpp; sourceTree = SOURCE_ROOT; };
		8F27CF891B31CC2500220A14 /* c.menu.cpp */ = {isa = PBXFileReference; fileEncoding = 4; lastKnownFileType = sourcecode.cpp.cpp; name = c.menu.cpp; path = Sources/c.menu.cpp; sourceTree = SOURCE_ROOT; };
		8F27CF8A1B31CC2500220A14 /* c.meter_tilde.cpp */ = {isa = PBXFileReference; fileEncoding = 4; lastKnownFileType = sourcecode.cpp.cpp; name = c.meter_tilde.cpp; path = Sources/c.meter_tilde.cpp; sourceTree = SOURCE_ROOT; };
		8F27CF8B1B31CC2500220A14 /* c.number_tilde.cpp */ = {isa = PBXFileReference; fileEncoding = 4; lastKnownFileType = sourcecode.cpp.cpp; name = c.number_tilde.cpp; path = Sources/c.number_tilde.cpp; sourceTree = SOURCE_ROOT; };
		8F27CF8C1B31CC2500220A14 /* c.number.cpp */ = {isa = PBXFileReference; fileEncoding = 4; lastKnownFileType = sourcecode.cpp.cpp; name = c.number.cpp; path = Sources/c.number.cpp; sourceTree = SOURCE_ROOT; };
		8F27CF8D1B31CC2500220A14 /* c.plane.cpp */ = {isa = PBXFileReference; fileEncoding = 4; lastKnownFileType = sourcecode.cpp.cpp; name = c.plane.cpp; path = Sources/c.plane.cpp; sourceTree = SOURCE_ROOT; };
		8F27CF8E1B31CC2500220A14 /* c.preset.cpp */ = {isa = PBXFileReference; fileEncoding = 4; lastKnownFileType = sourcecode.cpp.cpp; name = c.preset.cpp; path = Sources/c.preset.cpp; sourceTree = SOURCE_ROOT; };
		8F27CF8F1B31CC2500220A14 /* c.radio.cpp */ = {isa = PBXFileReference; fileEncoding = 4; lastKnownFileType = sourcecode.cpp.cpp; name = c.radio.cpp; path = Sources/c.radio.cpp; sourceTree = SOURCE_ROOT; };
		8F27CF901B31CC2500220A14 /* c.rslider.cpp */ = {isa = PBXFileReference; fileEncoding = 4; lastKnownFileType = sourcecode.cpp.cpp; name = c.rslider.cpp; path = Sources/c.rslider.cpp; sourceTree = SOURCE_ROOT; };
		8F27CF911B31CC2500220A14 /* c.scope_tilde.cpp */ = {isa = PBXFileReference; fileEncoding = 4; lastKnownFileType = sourcecode.cpp.cpp; name = c.scope_tilde.cpp; path = Sources/c.scope_tilde.cpp; sourceTree = SOURCE_ROOT; };
		8F27CF921B31CC2500220A14 /* c.slider.cpp */ = {isa = PBXFileReference; fileEncoding = 4; lastKnownFileType = sourcecode.cpp.cpp; name = c.slider.cpp; path = Sources/c.slider.cpp; sourceTree = SOURCE_ROOT; };
		8F27CF931B31CC2500220A14 /* c.tab.cpp */ = {isa = PBXFileReference; fileEncoding = 4; lastKnownFileType = sourcecode.cpp.cpp; name = c.tab.cpp; path = Sources/c.tab.cpp; sourceTree = SOURCE_ROOT; };
		8F27CF941B31CC2500220A14 /* c.toggle.cpp */ = {isa = PBXFileReference; fileEncoding = 4; lastKnownFileType = sourcecode.cpp.cpp; name = c.toggle.cpp; path = Sources/c.toggle.cpp; sourceTree = SOURCE_ROOT; };
		8F5401581B3420EC00A2E969 /* enative.h */ = {isa = PBXFileReference; lastKnownFileType = sourcecode.c.h; name = enative.h; path = ThirdParty/CicmWrapper/Sources/enative.h; sourceTree = SOURCE_ROOT; };
		8F823F811B33011600F5A69E /* c.loadmess.cpp */ = {isa = PBXFileReference; fileEncoding = 4; lastKnownFileType = sourcecode.cpp.cpp; name = c.loadmess.cpp; path = Deprecated/c.loadmess.cpp; sourceTree = SOURCE_ROOT; };
		8F823F821B33011600F5A69E /* c.prepend.cpp */ = {isa = PBXFileReference; fileEncoding = 4; lastKnownFileType = sourcecode.cpp.cpp; name = c.prepend.cpp; path = Deprecated/c.prepend.cpp; sourceTree = SOURCE_ROOT; };
		8FAC0BFB1969731800E09ACB /* Cream.pd_darwin */ = {isa = PBXFileReference; explicitFileType = "compiled.mach-o.dylib"; includeInIndex = 0; path = Cream.pd_darwin; sourceTree = BUILT_PRODUCTS_DIR; };
		8FB8EB6719007B1E005FAF6A /* c.library.h */ = {isa = PBXFileReference; fileEncoding = 4; lastKnownFileType = sourcecode.c.h; path = c.library.h; sourceTree = "<group>"; };
/* End PBXFileReference section */

/* Begin PBXFrameworksBuildPhase section */
		5913846C15DAA36D0029AD16 /* Frameworks */ = {
			isa = PBXFrameworksBuildPhase;
			buildActionMask = 2147483647;
			files = (
				59FB02F817A7FAA9001E977D /* Accelerate.framework in Frameworks */,
			);
			runOnlyForDeploymentPostprocessing = 0;
		};
		8FAC0BE21969731800E09ACB /* Frameworks */ = {
			isa = PBXFrameworksBuildPhase;
			buildActionMask = 2147483647;
			files = (
				8FAC0BE31969731800E09ACB /* Accelerate.framework in Frameworks */,
			);
			runOnlyForDeploymentPostprocessing = 0;
		};
/* End PBXFrameworksBuildPhase section */

/* Begin PBXGroup section */
		5913846415DAA36D0029AD16 = {
			isa = PBXGroup;
			children = (
				8F26F18A17E76273005FCB97 /* c.library.cpp */,
				8FB8EB6719007B1E005FAF6A /* c.library.h */,
				8FB8EB2D19007B04005FAF6A /* Sources */,
				8FB8EB69190080E9005FAF6A /* Deprecated */,
				8FD16282196FCA1A00D5104D /* CicmWrapper */,
				59FB02F717A7FAA9001E977D /* Accelerate.framework */,
				5913847015DAA36D0029AD16 /* Products */,
			);
			sourceTree = "<group>";
		};
		5913847015DAA36D0029AD16 /* Products */ = {
			isa = PBXGroup;
			children = (
				5913846F15DAA36D0029AD16 /* Cream.pd_darwin */,
				8FAC0BFB1969731800E09ACB /* Cream.pd_darwin */,
			);
			name = Products;
			sourceTree = "<group>";
		};
		8FB8EB2D19007B04005FAF6A /* Sources */ = {
			isa = PBXGroup;
			children = (
				8F27CF801B31CC2500220A14 /* c.bang.cpp */,
				8F27CF811B31CC2500220A14 /* c.blackboard.cpp */,
				8F27CF821B31CC2500220A14 /* c.breakpoints.cpp */,
				8F27CF831B31CC2500220A14 /* c.colorpanel.cpp */,
				8F27CF841B31CC2500220A14 /* c.dsp_tilde.cpp */,
				8F27CF851B31CC2500220A14 /* c.gain_tilde.cpp */,
				8F27CF861B31CC2500220A14 /* c.incdec.cpp */,
				8F27CF871B31CC2500220A14 /* c.knob.cpp */,
				8F27CF881B31CC2500220A14 /* c.matrix.cpp */,
				8F27CF891B31CC2500220A14 /* c.menu.cpp */,
				8F27CF8A1B31CC2500220A14 /* c.meter_tilde.cpp */,
				8F27CF8B1B31CC2500220A14 /* c.number_tilde.cpp */,
				8F27CF8C1B31CC2500220A14 /* c.number.cpp */,
				8F27CF8D1B31CC2500220A14 /* c.plane.cpp */,
				8F27CF8E1B31CC2500220A14 /* c.preset.cpp */,
				8F27CF8F1B31CC2500220A14 /* c.radio.cpp */,
				8F27CF901B31CC2500220A14 /* c.rslider.cpp */,
				8F27CF911B31CC2500220A14 /* c.scope_tilde.cpp */,
				8F27CF921B31CC2500220A14 /* c.slider.cpp */,
				8F27CF931B31CC2500220A14 /* c.tab.cpp */,
				8F27CF941B31CC2500220A14 /* c.toggle.cpp */,
			);
			name = Sources;
			path = Chocolate;
			sourceTree = "<group>";
		};
		8FB8EB69190080E9005FAF6A /* Deprecated */ = {
			isa = PBXGroup;
			children = (
				8F27CF5E1B31CA2300220A14 /* c.convolve_tilde.cpp */,
				8F27CF5F1B31CA2300220A14 /* c.freeverb_tilde.cpp */,
				8F27CF601B31CA2300220A14 /* c.pak.cpp */,
				8F27CF611B31CA2300220A14 /* c.patcherargs.cpp */,
				8F27CF621B31CA2300220A14 /* c.patcherinfos.cpp */,
				8F27CF631B31CA2300220A14 /* c.patchermess.cpp */,
				8F27CF641B31CA2300220A14 /* FFTConvolver.cpp */,
				8F27CF651B31CA2300220A14 /* FFTConvolver.h */,
				8F27CF5C1B31CA2300220A14 /* AudioFFT.cpp */,
				8F27CF5D1B31CA2300220A14 /* AudioFFT.h */,
				8F27CF661B31CA2300220A14 /* Utilities.cpp */,
				8F27CF671B31CA2300220A14 /* Utilities.h */,
			);
			name = Deprecated;
			path = Coffee;
			sourceTree = "<group>";
		};
		8FD16282196FCA1A00D5104D /* CicmWrapper */ = {
			isa = PBXGroup;
			children = (
				8F27CF171B31C87900220A14 /* cicm_wrapper.h */,
				8F823F811B33011600F5A69E /* c.loadmess.cpp */,
				8F823F821B33011600F5A69E /* c.prepend.cpp */,
				8F27CF181B31C87900220A14 /* ebox.c */,
				8F27CF191B31C87900220A14 /* ebox.h */,
				8F27CF1A1B31C87900220A14 /* eclass.c */,
				8F27CF1B1B31C87900220A14 /* eclass.h */,
				8F27CF1C1B31C87900220A14 /* ecommon.c */,
				8F27CF1D1B31C87900220A14 /* ecommon.h */,
				8F27CF1E1B31C87900220A14 /* edefine.h */,
				8F27CF1F1B31C87900220A14 /* egraphics.c */,
				8F27CF201B31C87900220A14 /* egraphics.h */,
				8F27CF211B31C87900220A14 /* eobj.c */,
				8F27CF221B31C87900220A14 /* eobj.h */,
				8F27CF231B31C87900220A14 /* epdmax.h */,
				8F27CF241B31C87900220A14 /* epopup.c */,
				8F27CF251B31C87900220A14 /* epopup.h */,
				8F5401581B3420EC00A2E969 /* enative.h */,
			);
			name = CicmWrapper;
			path = ThirdParty/PureData;
			sourceTree = "<group>";
		};
/* End PBXGroup section */

/* Begin PBXHeadersBuildPhase section */
		5913846D15DAA36D0029AD16 /* Headers */ = {
			isa = PBXHeadersBuildPhase;
			buildActionMask = 2147483647;
			files = (
				8F27CF3E1B31C87900220A14 /* epdmax.h in Headers */,
				8F27CF421B31C87900220A14 /* epopup.h in Headers */,
				8F27CF381B31C87900220A14 /* egraphics.h in Headers */,
				8F27CF2A1B31C87900220A14 /* ebox.h in Headers */,
				8F27CF6A1B31CA2300220A14 /* AudioFFT.h in Headers */,
				8FB8EB6819007B1E005FAF6A /* c.library.h in Headers */,
				8F27CF261B31C87900220A14 /* cicm_wrapper.h in Headers */,
				8F27CF341B31C87900220A14 /* edefine.h in Headers */,
				8F27CF321B31C87900220A14 /* ecommon.h in Headers */,
				8F27CF3C1B31C87900220A14 /* eobj.h in Headers */,
				8F27CF7E1B31CA2300220A14 /* Utilities.h in Headers */,
				8F27CF7A1B31CA2300220A14 /* FFTConvolver.h in Headers */,
				8F27CF2E1B31C87900220A14 /* eclass.h in Headers */,
			);
			runOnlyForDeploymentPostprocessing = 0;
		};
		8FAC0BE41969731800E09ACB /* Headers */ = {
			isa = PBXHeadersBuildPhase;
			buildActionMask = 2147483647;
			files = (
				8F27CF3F1B31C87900220A14 /* epdmax.h in Headers */,
				8F27CF431B31C87900220A14 /* epopup.h in Headers */,
				8F27CF391B31C87900220A14 /* egraphics.h in Headers */,
				8F27CF2B1B31C87900220A14 /* ebox.h in Headers */,
				8F27CF6B1B31CA2300220A14 /* AudioFFT.h in Headers */,
				8FAC0BF21969731800E09ACB /* c.library.h in Headers */,
				8F27CF271B31C87900220A14 /* cicm_wrapper.h in Headers */,
				8F27CF351B31C87900220A14 /* edefine.h in Headers */,
				8F27CF331B31C87900220A14 /* ecommon.h in Headers */,
				8F27CF3D1B31C87900220A14 /* eobj.h in Headers */,
				8F27CF7F1B31CA2300220A14 /* Utilities.h in Headers */,
				8F27CF7B1B31CA2300220A14 /* FFTConvolver.h in Headers */,
				8F27CF2F1B31C87900220A14 /* eclass.h in Headers */,
			);
			runOnlyForDeploymentPostprocessing = 0;
		};
/* End PBXHeadersBuildPhase section */

/* Begin PBXNativeTarget section */
		5913846E15DAA36D0029AD16 /* cream */ = {
			isa = PBXNativeTarget;
			buildConfigurationList = 5913847315DAA36D0029AD16 /* Build configuration list for PBXNativeTarget "cream" */;
			buildPhases = (
				5913846B15DAA36D0029AD16 /* Sources */,
				5913846C15DAA36D0029AD16 /* Frameworks */,
				5913846D15DAA36D0029AD16 /* Headers */,
			);
			buildRules = (
			);
			dependencies = (
			);
			name = cream;
			productName = pd1;
			productReference = 5913846F15DAA36D0029AD16 /* Cream.pd_darwin */;
			productType = "com.apple.product-type.library.dynamic";
		};
		8FAC0BA51969731800E09ACB /* cream_extended */ = {
			isa = PBXNativeTarget;
			buildConfigurationList = 8FAC0BF91969731800E09ACB /* Build configuration list for PBXNativeTarget "cream_extended" */;
			buildPhases = (
				8FAC0BA61969731800E09ACB /* Sources */,
				8FAC0BE21969731800E09ACB /* Frameworks */,
				8FAC0BE41969731800E09ACB /* Headers */,
			);
			buildRules = (
			);
			dependencies = (
			);
			name = cream_extended;
			productName = pd1;
			productReference = 8FAC0BFB1969731800E09ACB /* Cream.pd_darwin */;
			productType = "com.apple.product-type.library.dynamic";
		};
/* End PBXNativeTarget section */

/* Begin PBXProject section */
		5913846615DAA36D0029AD16 /* Project object */ = {
			isa = PBXProject;
			attributes = {
				LastUpgradeCheck = 0630;
			};
			buildConfigurationList = 5913846915DAA36D0029AD16 /* Build configuration list for PBXProject "Cream" */;
			compatibilityVersion = "Xcode 3.2";
			developmentRegion = English;
			hasScannedForEncodings = 0;
			knownRegions = (
				en,
			);
			mainGroup = 5913846415DAA36D0029AD16;
			productRefGroup = 5913847015DAA36D0029AD16 /* Products */;
			projectDirPath = "";
			projectRoot = "";
			targets = (
				5913846E15DAA36D0029AD16 /* cream */,
				8FAC0BA51969731800E09ACB /* cream_extended */,
			);
		};
/* End PBXProject section */

/* Begin PBXSourcesBuildPhase section */
		5913846B15DAA36D0029AD16 /* Sources */ = {
			isa = PBXSourcesBuildPhase;
			buildActionMask = 2147483647;
			files = (
				8F27CF741B31CA2300220A14 /* c.patcherinfos.cpp in Sources */,
				8F27CF7C1B31CA2300220A14 /* Utilities.cpp in Sources */,
				8F27CF9F1B31CC2500220A14 /* c.gain_tilde.cpp in Sources */,
				8F27CF2C1B31C87900220A14 /* eclass.c in Sources */,
				8F27CF281B31C87900220A14 /* ebox.c in Sources */,
				8F27CFA11B31CC2500220A14 /* c.incdec.cpp in Sources */,
				8F27CFA31B31CC2500220A14 /* c.knob.cpp in Sources */,
				8F27CFA51B31CC2500220A14 /* c.matrix.cpp in Sources */,
				8F823F851B33011600F5A69E /* c.prepend.cpp in Sources */,
				8F27CF3A1B31C87900220A14 /* eobj.c in Sources */,
				8F27CF971B31CC2500220A14 /* c.blackboard.cpp in Sources */,
				8F27CFB51B31CC2500220A14 /* c.rslider.cpp in Sources */,
				8F27CFB11B31CC2500220A14 /* c.preset.cpp in Sources */,
				8F27CF991B31CC2500220A14 /* c.breakpoints.cpp in Sources */,
				8F27CF701B31CA2300220A14 /* c.pak.cpp in Sources */,
				8F27CFBB1B31CC2500220A14 /* c.tab.cpp in Sources */,
				8F27CF6E1B31CA2300220A14 /* c.freeverb_tilde.cpp in Sources */,
				8F27CF721B31CA2300220A14 /* c.patcherargs.cpp in Sources */,
				8F27CF951B31CC2500220A14 /* c.bang.cpp in Sources */,
				8F27CF301B31C87900220A14 /* ecommon.c in Sources */,
				8F27CFB91B31CC2500220A14 /* c.slider.cpp in Sources */,
				8F27CF761B31CA2300220A14 /* c.patchermess.cpp in Sources */,
				8F27CF9B1B31CC2500220A14 /* c.colorpanel.cpp in Sources */,
				8F27CFAD1B31CC2500220A14 /* c.number.cpp in Sources */,
				8F27CF361B31C87900220A14 /* egraphics.c in Sources */,
				8F823F831B33011600F5A69E /* c.loadmess.cpp in Sources */,
				8F27CFA71B31CC2500220A14 /* c.menu.cpp in Sources */,
				8F27CF9D1B31CC2500220A14 /* c.dsp_tilde.cpp in Sources */,
				8F27CFB71B31CC2500220A14 /* c.scope_tilde.cpp in Sources */,
				8F27CF6C1B31CA2300220A14 /* c.convolve_tilde.cpp in Sources */,
				8F27CFAB1B31CC2500220A14 /* c.number_tilde.cpp in Sources */,
				8F27CFA91B31CC2500220A14 /* c.meter_tilde.cpp in Sources */,
				8F27CF781B31CA2300220A14 /* FFTConvolver.cpp in Sources */,
				8F27CF681B31CA2300220A14 /* AudioFFT.cpp in Sources */,
				8F27CFB31B31CC2500220A14 /* c.radio.cpp in Sources */,
				8F27CFAF1B31CC2500220A14 /* c.plane.cpp in Sources */,
				8F27CFBD1B31CC2500220A14 /* c.toggle.cpp in Sources */,
				8F26F18B17E76274005FCB97 /* c.library.cpp in Sources */,
				8F27CF401B31C87900220A14 /* epopup.c in Sources */,
			);
			runOnlyForDeploymentPostprocessing = 0;
		};
		8FAC0BA61969731800E09ACB /* Sources */ = {
			isa = PBXSourcesBuildPhase;
			buildActionMask = 2147483647;
			files = (
				8F27CF751B31CA2300220A14 /* c.patcherinfos.cpp in Sources */,
				8F27CF7D1B31CA2300220A14 /* Utilities.cpp in Sources */,
				8F27CFA01B31CC2500220A14 /* c.gain_tilde.cpp in Sources */,
				8F27CF2D1B31C87900220A14 /* eclass.c in Sources */,
				8F27CF291B31C87900220A14 /* ebox.c in Sources */,
				8F27CFA21B31CC2500220A14 /* c.incdec.cpp in Sources */,
				8F27CFA41B31CC2500220A14 /* c.knob.cpp in Sources */,
				8F27CFA61B31CC2500220A14 /* c.matrix.cpp in Sources */,
				8F823F861B33011600F5A69E /* c.prepend.cpp in Sources */,
				8F27CF3B1B31C87900220A14 /* eobj.c in Sources */,
				8F27CF981B31CC2500220A14 /* c.blackboard.cpp in Sources */,
				8F27CFB61B31CC2500220A14 /* c.rslider.cpp in Sources */,
				8F27CFB21B31CC2500220A14 /* c.preset.cpp in Sources */,
				8F27CF9A1B31CC2500220A14 /* c.breakpoints.cpp in Sources */,
				8F27CF711B31CA2300220A14 /* c.pak.cpp in Sources */,
				8F27CFBC1B31CC2500220A14 /* c.tab.cpp in Sources */,
				8F27CF6F1B31CA2300220A14 /* c.freeverb_tilde.cpp in Sources */,
				8F27CF731B31CA2300220A14 /* c.patcherargs.cpp in Sources */,
				8F27CF961B31CC2500220A14 /* c.bang.cpp in Sources */,
				8F27CF311B31C87900220A14 /* ecommon.c in Sources */,
				8F27CFBA1B31CC2500220A14 /* c.slider.cpp in Sources */,
				8F27CF771B31CA2300220A14 /* c.patchermess.cpp in Sources */,
				8F27CF9C1B31CC2500220A14 /* c.colorpanel.cpp in Sources */,
				8F27CFAE1B31CC2500220A14 /* c.number.cpp in Sources */,
				8F27CF371B31C87900220A14 /* egraphics.c in Sources */,
				8F823F841B33011600F5A69E /* c.loadmess.cpp in Sources */,
				8F27CFA81B31CC2500220A14 /* c.menu.cpp in Sources */,
				8F27CF9E1B31CC2500220A14 /* c.dsp_tilde.cpp in Sources */,
				8F27CFB81B31CC2500220A14 /* c.scope_tilde.cpp in Sources */,
				8F27CF6D1B31CA2300220A14 /* c.convolve_tilde.cpp in Sources */,
				8F27CFAC1B31CC2500220A14 /* c.number_tilde.cpp in Sources */,
				8F27CFAA1B31CC2500220A14 /* c.meter_tilde.cpp in Sources */,
				8F27CF791B31CA2300220A14 /* FFTConvolver.cpp in Sources */,
				8F27CF691B31CA2300220A14 /* AudioFFT.cpp in Sources */,
				8F27CFB41B31CC2500220A14 /* c.radio.cpp in Sources */,
				8F27CFB01B31CC2500220A14 /* c.plane.cpp in Sources */,
				8F27CFBE1B31CC2500220A14 /* c.toggle.cpp in Sources */,
				8FAC0BDC1969731800E09ACB /* c.library.cpp in Sources */,
				8F27CF411B31C87900220A14 /* epopup.c in Sources */,
			);
			runOnlyForDeploymentPostprocessing = 0;
		};
/* End PBXSourcesBuildPhase section */

/* Begin XCBuildConfiguration section */
		5913847215DAA36D0029AD16 /* Release */ = {
			isa = XCBuildConfiguration;
			buildSettings = {
				ALWAYS_SEARCH_USER_PATHS = NO;
				CLANG_WARN_BOOL_CONVERSION = YES;
				CLANG_WARN_CONSTANT_CONVERSION = YES;
				CLANG_WARN_EMPTY_BODY = YES;
				CLANG_WARN_ENUM_CONVERSION = YES;
				CLANG_WARN_INT_CONVERSION = YES;
				CLANG_WARN_UNREACHABLE_CODE = YES;
				CLANG_WARN__DUPLICATE_METHOD_MATCH = YES;
				COPY_PHASE_STRIP = YES;
				DEBUG_INFORMATION_FORMAT = "dwarf-with-dsym";
				ENABLE_STRICT_OBJC_MSGSEND = YES;
				FRAMEWORK_SEARCH_PATHS = "";
				GCC_C_LANGUAGE_STANDARD = gnu99;
				GCC_ENABLE_OBJC_EXCEPTIONS = YES;
				GCC_NO_COMMON_BLOCKS = YES;
				GCC_VERSION = com.apple.compilers.llvm.clang.1_0;
				GCC_WARN_64_TO_32_BIT_CONVERSION = NO;
				GCC_WARN_ABOUT_RETURN_TYPE = YES;
				GCC_WARN_UNDECLARED_SELECTOR = YES;
				GCC_WARN_UNINITIALIZED_AUTOS = YES;
				GCC_WARN_UNUSED_FUNCTION = YES;
				GCC_WARN_UNUSED_VARIABLE = YES;
				HEADER_SEARCH_PATHS = "$(SRCROOT)/../../../../SDKs/MaxSDK-6.1.1/c74support";
				"HEADER_SEARCH_PATHS[arch=*]" = "";
				LIBRARY_SEARCH_PATHS = "";
				MACOSX_DEPLOYMENT_TARGET = 10.6;
				PRODUCT_NAME = "$(PROJECT_NAME)";
				SDKROOT = macosx;
			};
			name = Release;
		};
		5913847515DAA36D0029AD16 /* Release */ = {
			isa = XCBuildConfiguration;
			buildSettings = {
				ARCHS = "$(ARCHS_STANDARD_32_64_BIT)";
				CLANG_ANALYZER_SECURITY_FLOATLOOPCOUNTER = YES;
				CLANG_ANALYZER_SECURITY_INSECUREAPI_STRCPY = YES;
				CLANG_WARN_ASSIGN_ENUM = YES;
				CLANG_WARN_CXX0X_EXTENSIONS = YES;
				CLANG_WARN_DOCUMENTATION_COMMENTS = YES;
				CLANG_WARN_IMPLICIT_SIGN_CONVERSION = YES;
				CLANG_WARN_SUSPICIOUS_IMPLICIT_CONVERSION = NO;
				CLANG_WARN__EXIT_TIME_DESTRUCTORS = YES;
				COMBINE_HIDPI_IMAGES = YES;
				DEPLOYMENT_LOCATION = YES;
				DSTROOT = /;
				DYLIB_COMPATIBILITY_VERSION = 0.4;
				DYLIB_CURRENT_VERSION = 0.4;
				EXECUTABLE_EXTENSION = pd_darwin;
				EXECUTABLE_PREFIX = "";
				FRAMEWORK_SEARCH_PATHS = "";
				GCC_PREPROCESSOR_DEFINITIONS = "_APPLE_ ";
				GCC_TREAT_IMPLICIT_FUNCTION_DECLARATIONS_AS_ERRORS = YES;
				GCC_TREAT_INCOMPATIBLE_POINTER_TYPE_WARNINGS_AS_ERRORS = YES;
				GCC_UNROLL_LOOPS = YES;
				GCC_VERSION = com.apple.compilers.llvm.clang.1_0;
				GCC_WARN_64_TO_32_BIT_CONVERSION = YES;
				GCC_WARN_ABOUT_MISSING_FIELD_INITIALIZERS = YES;
				GCC_WARN_ABOUT_MISSING_NEWLINE = YES;
				GCC_WARN_ABOUT_MISSING_PROTOTYPES = YES;
				GCC_WARN_FOUR_CHARACTER_CONSTANTS = YES;
				GCC_WARN_HIDDEN_VIRTUAL_FUNCTIONS = YES;
				GCC_WARN_INITIALIZER_NOT_FULLY_BRACKETED = YES;
				GCC_WARN_NON_VIRTUAL_DESTRUCTOR = YES;
				GCC_WARN_SHADOW = YES;
				GCC_WARN_SIGN_COMPARE = YES;
				GCC_WARN_UNKNOWN_PRAGMAS = YES;
				GCC_WARN_UNUSED_LABEL = YES;
				GCC_WARN_UNUSED_PARAMETER = NO;
				HEADER_SEARCH_PATHS = "/Applications/Pd-0.46-6.app/Contents/Resources/src/";
				"HEADER_SEARCH_PATHS[arch=*]" = "/Applications/Pd-0.46-6.app/Contents/Resources/src/";
				INSTALL_PATH = $SRCROOT/Package/Cream;
				LIBRARY_SEARCH_PATHS = "";
				OTHER_CPLUSPLUSFLAGS = "$(OTHER_CFLAGS)";
				OTHER_LDFLAGS = (
					"-undefined",
					dynamic_lookup,
				);
				PRELINK_LIBS = "";
				PRODUCT_NAME = Cream;
				USER_HEADER_SEARCH_PATHS = "/Developer/usr/include /usr/local/include";
			};
			name = Release;
		};
		8FAC0BFA1969731800E09ACB /* Release */ = {
			isa = XCBuildConfiguration;
			buildSettings = {
				ARCHS = "$(ARCHS_STANDARD_32_64_BIT)";
				CLANG_WARN_CXX0X_EXTENSIONS = YES;
				CLANG_WARN_IMPLICIT_SIGN_CONVERSION = YES;
				CLANG_WARN__EXIT_TIME_DESTRUCTORS = YES;
				COMBINE_HIDPI_IMAGES = YES;
				DEPLOYMENT_LOCATION = YES;
				DSTROOT = /;
				DYLIB_COMPATIBILITY_VERSION = 0.4;
				DYLIB_CURRENT_VERSION = 0.4;
				EXECUTABLE_EXTENSION = pd_darwin;
				EXECUTABLE_PREFIX = "";
				FRAMEWORK_SEARCH_PATHS = "";
				GCC_OPTIMIZATION_LEVEL = fast;
				GCC_PREPROCESSOR_DEFINITIONS = _APPLE_;
				GCC_TREAT_IMPLICIT_FUNCTION_DECLARATIONS_AS_ERRORS = YES;
				GCC_TREAT_INCOMPATIBLE_POINTER_TYPE_WARNINGS_AS_ERRORS = YES;
				GCC_UNROLL_LOOPS = YES;
				GCC_VERSION = com.apple.compilers.llvm.clang.1_0;
				GCC_WARN_64_TO_32_BIT_CONVERSION = YES;
				GCC_WARN_ABOUT_MISSING_FIELD_INITIALIZERS = YES;
				GCC_WARN_ABOUT_MISSING_PROTOTYPES = YES;
				GCC_WARN_FOUR_CHARACTER_CONSTANTS = YES;
				GCC_WARN_HIDDEN_VIRTUAL_FUNCTIONS = YES;
				GCC_WARN_INITIALIZER_NOT_FULLY_BRACKETED = YES;
				GCC_WARN_NON_VIRTUAL_DESTRUCTOR = YES;
				GCC_WARN_SHADOW = YES;
				GCC_WARN_UNKNOWN_PRAGMAS = YES;
				GCC_WARN_UNUSED_LABEL = YES;
				HEADER_SEARCH_PATHS = "";
				"HEADER_SEARCH_PATHS[arch=*]" = "/Applications/Pd-extended.app/Contents/Resources/include/pdextended/";
				INSTALL_PATH = "$SRCROOT/Package/Cream/externals/MacOs/pd-extended";
				LIBRARY_SEARCH_PATHS = "";
				OTHER_LDFLAGS = (
					"-undefined",
					dynamic_lookup,
				);
				PRELINK_LIBS = "";
				PRODUCT_NAME = Cream;
				USER_HEADER_SEARCH_PATHS = "/Developer/usr/include /usr/local/include";
			};
			name = Release;
		};
/* End XCBuildConfiguration section */

/* Begin XCConfigurationList section */
		5913846915DAA36D0029AD16 /* Build configuration list for PBXProject "Cream" */ = {
			isa = XCConfigurationList;
			buildConfigurations = (
				5913847215DAA36D0029AD16 /* Release */,
			);
			defaultConfigurationIsVisible = 0;
			defaultConfigurationName = Release;
		};
		5913847315DAA36D0029AD16 /* Build configuration list for PBXNativeTarget "cream" */ = {
			isa = XCConfigurationList;
			buildConfigurations = (
				5913847515DAA36D0029AD16 /* Release */,
			);
			defaultConfigurationIsVisible = 0;
			defaultConfigurationName = Release;
		};
		8FAC0BF91969731800E09ACB /* Build configuration list for PBXNativeTarget "cream_extended" */ = {
			isa = XCConfigurationList;
			buildConfigurations = (
				8FAC0BFA1969731800E09ACB /* Release */,
			);
			defaultConfigurationIsVisible = 0;
			defaultConfigurationName = Release;
		};
/* End XCConfigurationList section */
	};
	rootObject = 5913846615DAA36D0029AD16 /* Project object */;
}
